// !$*UTF8*$!
{
	archiveVersion = 1;
	classes = {
	};
	objectVersion = 50;
	objects = {

/* Begin PBXBuildFile section */
		1339FC42239D32C9007E585A /* AppDelegate.swift in Sources */ = {isa = PBXBuildFile; fileRef = 1339FC41239D32C9007E585A /* AppDelegate.swift */; };
		1339FC44239D32C9007E585A /* SceneDelegate.swift in Sources */ = {isa = PBXBuildFile; fileRef = 1339FC43239D32C9007E585A /* SceneDelegate.swift */; };
		1339FC46239D32C9007E585A /* ViewController.swift in Sources */ = {isa = PBXBuildFile; fileRef = 1339FC45239D32C9007E585A /* ViewController.swift */; };
		1339FC49239D32C9007E585A /* Main.storyboard in Resources */ = {isa = PBXBuildFile; fileRef = 1339FC47239D32C9007E585A /* Main.storyboard */; };
		1339FC4B239D32CD007E585A /* Assets.xcassets in Resources */ = {isa = PBXBuildFile; fileRef = 1339FC4A239D32CD007E585A /* Assets.xcassets */; };
		1339FC4E239D32CD007E585A /* LaunchScreen.storyboard in Resources */ = {isa = PBXBuildFile; fileRef = 1339FC4C239D32CD007E585A /* LaunchScreen.storyboard */; };
		1339FC56239D42E1007E585A /* ScreenLabel.swift in Sources */ = {isa = PBXBuildFile; fileRef = 1339FC55239D42E1007E585A /* ScreenLabel.swift */; };
/* End PBXBuildFile section */

/* Begin PBXFileReference section */
		1339FC3E239D32C9007E585A /* ACalculator.app */ = {isa = PBXFileReference; explicitFileType = wrapper.application; includeInIndex = 0; path = ACalculator.app; sourceTree = BUILT_PRODUCTS_DIR; };
		1339FC41239D32C9007E585A /* AppDelegate.swift */ = {isa = PBXFileReference; lastKnownFileType = sourcecode.swift; path = AppDelegate.swift; sourceTree = "<group>"; };
		1339FC43239D32C9007E585A /* SceneDelegate.swift */ = {isa = PBXFileReference; lastKnownFileType = sourcecode.swift; path = SceneDelegate.swift; sourceTree = "<group>"; };
		1339FC45239D32C9007E585A /* ViewController.swift */ = {isa = PBXFileReference; lastKnownFileType = sourcecode.swift; path = ViewController.swift; sourceTree = "<group>"; };
		1339FC48239D32C9007E585A /* Base */ = {isa = PBXFileReference; lastKnownFileType = file.storyboard; name = Base; path = Base.lproj/Main.storyboard; sourceTree = "<group>"; };
		1339FC4A239D32CD007E585A /* Assets.xcassets */ = {isa = PBXFileReference; lastKnownFileType = folder.assetcatalog; path = Assets.xcassets; sourceTree = "<group>"; };
		1339FC4D239D32CD007E585A /* Base */ = {isa = PBXFileReference; lastKnownFileType = file.storyboard; name = Base; path = Base.lproj/LaunchScreen.storyboard; sourceTree = "<group>"; };
		1339FC4F239D32CD007E585A /* Info.plist */ = {isa = PBXFileReference; lastKnownFileType = text.plist.xml; path = Info.plist; sourceTree = "<group>"; };
		1339FC55239D42E1007E585A /* ScreenLabel.swift */ = {isa = PBXFileReference; lastKnownFileType = sourcecode.swift; path = ScreenLabel.swift; sourceTree = "<group>"; };
/* End PBXFileReference section */

/* Begin PBXFrameworksBuildPhase section */
		1339FC3B239D32C9007E585A /* Frameworks */ = {
			isa = PBXFrameworksBuildPhase;
			buildActionMask = 2147483647;
			files = (
			);
			runOnlyForDeploymentPostprocessing = 0;
		};
/* End PBXFrameworksBuildPhase section */

/* Begin PBXGroup section */
		1339FC35239D32C9007E585A = {
			isa = PBXGroup;
			children = (
				1339FC40239D32C9007E585A /* ACalculator */,
				1339FC3F239D32C9007E585A /* Products */,
			);
			sourceTree = "<group>";
		};
		1339FC3F239D32C9007E585A /* Products */ = {
			isa = PBXGroup;
			children = (
				1339FC3E239D32C9007E585A /* ACalculator.app */,
			);
			name = Products;
			sourceTree = "<group>";
		};
		1339FC40239D32C9007E585A /* ACalculator */ = {
			isa = PBXGroup;
			children = (
				1339FC41239D32C9007E585A /* AppDelegate.swift */,
				1339FC43239D32C9007E585A /* SceneDelegate.swift */,
				1339FC45239D32C9007E585A /* ViewController.swift */,
				1339FC47239D32C9007E585A /* Main.storyboard */,
				1339FC4A239D32CD007E585A /* Assets.xcassets */,
				1339FC4C239D32CD007E585A /* LaunchScreen.storyboard */,
				1339FC4F239D32CD007E585A /* Info.plist */,
				1339FC55239D42E1007E585A /* ScreenLabel.swift */,
			);
			path = ACalculator;
			sourceTree = "<group>";
		};
/* End PBXGroup section */

/* Begin PBXNativeTarget section */
		1339FC3D239D32C9007E585A /* ACalculator */ = {
			isa = PBXNativeTarget;
			buildConfigurationList = 1339FC52239D32CD007E585A /* Build configuration list for PBXNativeTarget "ACalculator" */;
			buildPhases = (
				1339FC3A239D32C9007E585A /* Sources */,
				1339FC3B239D32C9007E585A /* Frameworks */,
				1339FC3C239D32C9007E585A /* Resources */,
			);
			buildRules = (
			);
			dependencies = (
			);
			name = ACalculator;
			productName = ACalculator;
			productReference = 1339FC3E239D32C9007E585A /* ACalculator.app */;
			productType = "com.apple.product-type.application";
		};
/* End PBXNativeTarget section */

/* Begin PBXProject section */
		1339FC36239D32C9007E585A /* Project object */ = {
			isa = PBXProject;
			attributes = {
				LastSwiftUpdateCheck = 1120;
				LastUpgradeCheck = 1120;
				ORGANIZATIONNAME = "Mohammed Alqumairi";
				TargetAttributes = {
					1339FC3D239D32C9007E585A = {
						CreatedOnToolsVersion = 11.2.1;
					};
				};
			};
			buildConfigurationList = 1339FC39239D32C9007E585A /* Build configuration list for PBXProject "ACalculator" */;
			compatibilityVersion = "Xcode 9.3";
			developmentRegion = en;
			hasScannedForEncodings = 0;
			knownRegions = (
				en,
				Base,
			);
			mainGroup = 1339FC35239D32C9007E585A;
			productRefGroup = 1339FC3F239D32C9007E585A /* Products */;
			projectDirPath = "";
			projectRoot = "";
			targets = (
				1339FC3D239D32C9007E585A /* ACalculator */,
			);
		};
/* End PBXProject section */

/* Begin PBXResourcesBuildPhase section */
		1339FC3C239D32C9007E585A /* Resources */ = {
			isa = PBXResourcesBuildPhase;
			buildActionMask = 2147483647;
			files = (
				1339FC4E239D32CD007E585A /* LaunchScreen.storyboard in Resources */,
				1339FC4B239D32CD007E585A /* Assets.xcassets in Resources */,
				1339FC49239D32C9007E585A /* Main.storyboard in Resources */,
			);
			runOnlyForDeploymentPostprocessing = 0;
		};
/* End PBXResourcesBuildPhase section */

/* Begin PBXSourcesBuildPhase section */
		1339FC3A239D32C9007E585A /* Sources */ = {
			isa = PBXSourcesBuildPhase;
			buildActionMask = 2147483647;
			files = (
				1339FC56239D42E1007E585A /* ScreenLabel.swift in Sources */,
				1339FC46239D32C9007E585A /* ViewController.swift in Sources */,
				1339FC42239D32C9007E585A /* AppDelegate.swift in Sources */,
				1339FC44239D32C9007E585A /* SceneDelegate.swift in Sources */,
			);
			runOnlyForDeploymentPostprocessing = 0;
		};
/* End PBXSourcesBuildPhase section */

/* Begin PBXVariantGroup section */
		1339FC47239D32C9007E585A /* Main.storyboard */ = {
			isa = PBXVariantGroup;
			children = (
				1339FC48239D32C9007E585A /* Base */,
			);
			name = Main.storyboard;
			sourceTree = "<group>";
		};
		1339FC4C239D32CD007E585A /* LaunchScreen.storyboard */ = {
			isa = PBXVariantGroup;
			children = (
				1339FC4D239D32CD007E585A /* Base */,
			);
			name = LaunchScreen.storyboard;
			sourceTree = "<group>";
		};
/* End PBXVariantGroup section */

/* Begin XCBuildConfiguration section */
		1339FC50239D32CD007E585A /* Debug */ = {
			isa = XCBuildConfiguration;
			buildSettings = {
				ALWAYS_SEARCH_USER_PATHS = NO;
				CLANG_ANALYZER_NONNULL = YES;
				CLANG_ANALYZER_NUMBER_OBJECT_CONVERSION = YES_AGGRESSIVE;
				CLANG_CXX_LANGUAGE_STANDARD = "gnu++14";
				CLANG_CXX_LIBRARY = "libc++";
				CLANG_ENABLE_MODULES = YES;
				CLANG_ENABLE_OBJC_ARC = YES;
				CLANG_ENABLE_OBJC_WEAK = YES;
				CLANG_WARN_BLOCK_CAPTURE_AUTORELEASING = YES;
				CLANG_WARN_BOOL_CONVERSION = YES;
				CLANG_WARN_COMMA = YES;
				CLANG_WARN_CONSTANT_CONVERSION = YES;
				CLANG_WARN_DEPRECATED_OBJC_IMPLEMENTATIONS = YES;
				CLANG_WARN_DIRECT_OBJC_ISA_USAGE = YES_ERROR;
				CLANG_WARN_DOCUMENTATION_COMMENTS = YES;
				CLANG_WARN_EMPTY_BODY = YES;
				CLANG_WARN_ENUM_CONVERSION = YES;
				CLANG_WARN_INFINITE_RECURSION = YES;
				CLANG_WARN_INT_CONVERSION = YES;
				CLANG_WARN_NON_LITERAL_NULL_CONVERSION = YES;
				CLANG_WARN_OBJC_IMPLICIT_RETAIN_SELF = YES;
				CLANG_WARN_OBJC_LITERAL_CONVERSION = YES;
				CLANG_WARN_OBJC_ROOT_CLASS = YES_ERROR;
				CLANG_WARN_RANGE_LOOP_ANALYSIS = YES;
				CLANG_WARN_STRICT_PROTOTYPES = YES;
				CLANG_WARN_SUSPICIOUS_MOVE = YES;
				CLANG_WARN_UNGUARDED_AVAILABILITY = YES_AGGRESSIVE;
				CLANG_WARN_UNREACHABLE_CODE = YES;
				CLANG_WARN__DUPLICATE_METHOD_MATCH = YES;
				COPY_PHASE_STRIP = NO;
				DEBUG_INFORMATION_FORMAT = dwarf;
				ENABLE_STRICT_OBJC_MSGSEND = YES;
				ENABLE_TESTABILITY = YES;
				GCC_C_LANGUAGE_STANDARD = gnu11;
				GCC_DYNAMIC_NO_PIC = NO;
				GCC_NO_COMMON_BLOCKS = YES;
				GCC_OPTIMIZATION_LEVEL = 0;
				GCC_PREPROCESSOR_DEFINITIONS = (
					"DEBUG=1",
					"$(inherited)",
				);
				GCC_WARN_64_TO_32_BIT_CONVERSION = YES;
				GCC_WARN_ABOUT_RETURN_TYPE = YES_ERROR;
				GCC_WARN_UNDECLARED_SELECTOR = YES;
				GCC_WARN_UNINITIALIZED_AUTOS = YES_AGGRESSIVE;
				GCC_WARN_UNUSED_FUNCTION = YES;
				GCC_WARN_UNUSED_VARIABLE = YES;
				IPHONEOS_DEPLOYMENT_TARGET = 13.2;
				MTL_ENABLE_DEBUG_INFO = INCLUDE_SOURCE;
				MTL_FAST_MATH = YES;
				ONLY_ACTIVE_ARCH = YES;
				SDKROOT = iphoneos;
				SWIFT_ACTIVE_COMPILATION_CONDITIONS = DEBUG;
				SWIFT_OPTIMIZATION_LEVEL = "-Onone";
			};
			name = Debug;
		};
		1339FC51239D32CD007E585A /* Release */ = {
			isa = XCBuildConfiguration;
			buildSettings = {
				ALWAYS_SEARCH_USER_PATHS = NO;
				CLANG_ANALYZER_NONNULL = YES;
				CLANG_ANALYZER_NUMBER_OBJECT_CONVERSION = YES_AGGRESSIVE;
				CLANG_CXX_LANGUAGE_STANDARD = "gnu++14";
				CLANG_CXX_LIBRARY = "libc++";
				CLANG_ENABLE_MODULES = YES;
				CLANG_ENABLE_OBJC_ARC = YES;
				CLANG_ENABLE_OBJC_WEAK = YES;
				CLANG_WARN_BLOCK_CAPTURE_AUTORELEASING = YES;
				CLANG_WARN_BOOL_CONVERSION = YES;
				CLANG_WARN_COMMA = YES;
				CLANG_WARN_CONSTANT_CONVERSION = YES;
				CLANG_WARN_DEPRECATED_OBJC_IMPLEMENTATIONS = YES;
				CLANG_WARN_DIRECT_OBJC_ISA_USAGE = YES_ERROR;
				CLANG_WARN_DOCUMENTATION_COMMENTS = YES;
				CLANG_WARN_EMPTY_BODY = YES;
				CLANG_WARN_ENUM_CONVERSION = YES;
				CLANG_WARN_INFINITE_RECURSION = YES;
				CLANG_WARN_INT_CONVERSION = YES;
				CLANG_WARN_NON_LITERAL_NULL_CONVERSION = YES;
				CLANG_WARN_OBJC_IMPLICIT_RETAIN_SELF = YES;
				CLANG_WARN_OBJC_LITERAL_CONVERSION = YES;
				CLANG_WARN_OBJC_ROOT_CLASS = YES_ERROR;
				CLANG_WARN_RANGE_LOOP_ANALYSIS = YES;
				CLANG_WARN_STRICT_PROTOTYPES = YES;
				CLANG_WARN_SUSPICIOUS_MOVE = YES;
				CLANG_WARN_UNGUARDED_AVAILABILITY = YES_AGGRESSIVE;
				CLANG_WARN_UNREACHABLE_CODE = YES;
				CLANG_WARN__DUPLICATE_METHOD_MATCH = YES;
				COPY_PHASE_STRIP = NO;
				DEBUG_INFORMATION_FORMAT = "dwarf-with-dsym";
				ENABLE_NS_ASSERTIONS = NO;
				ENABLE_STRICT_OBJC_MSGSEND = YES;
				GCC_C_LANGUAGE_STANDARD = gnu11;
				GCC_NO_COMMON_BLOCKS = YES;
				GCC_WARN_64_TO_32_BIT_CONVERSION = YES;
				GCC_WARN_ABOUT_RETURN_TYPE = YES_ERROR;
				GCC_WARN_UNDECLARED_SELECTOR = YES;
				GCC_WARN_UNINITIALIZED_AUTOS = YES_AGGRESSIVE;
				GCC_WARN_UNUSED_FUNCTION = YES;
				GCC_WARN_UNUSED_VARIABLE = YES;
				IPHONEOS_DEPLOYMENT_TARGET = 13.2;
				MTL_ENABLE_DEBUG_INFO = NO;
				MTL_FAST_MATH = YES;
				SDKROOT = iphoneos;
				SWIFT_COMPILATION_MODE = wholemodule;
				SWIFT_OPTIMIZATION_LEVEL = "-O";
				VALIDATE_PRODUCT = YES;
			};
			name = Release;
		};
		1339FC53239D32CD007E585A /* Debug */ = {
			isa = XCBuildConfiguration;
			buildSettings = {
				ASSETCATALOG_COMPILER_APPICON_NAME = AppIcon;
				CODE_SIGN_STYLE = Automatic;
				INFOPLIST_FILE = ACalculator/Info.plist;
				LD_RUNPATH_SEARCH_PATHS = (
					"$(inherited)",
					"@executable_path/Frameworks",
				);
				PRODUCT_BUNDLE_IDENTIFIER = com.qumairiMoh.ACalculator;
				PRODUCT_NAME = "$(TARGET_NAME)";
				SWIFT_VERSION = 5.0;
				TARGETED_DEVICE_FAMILY = "1,2";
			};
			name = Debug;
		};
		1339FC54239D32CD007E585A /* Release */ = {
			isa = XCBuildConfiguration;
			buildSettings = {
				ASSETCATALOG_COMPILER_APPICON_NAME = AppIcon;
				CODE_SIGN_STYLE = Automatic;
				INFOPLIST_FILE = ACalculator/Info.plist;
				LD_RUNPATH_SEARCH_PATHS = (
					"$(inherited)",
					"@executable_path/Frameworks",
				);
				PRODUCT_BUNDLE_IDENTIFIER = com.qumairiMoh.ACalculator;
				PRODUCT_NAME = "$(TARGET_NAME)";
				SWIFT_VERSION = 5.0;
				TARGETED_DEVICE_FAMILY = "1,2";
			};
			name = Release;
		};
/* End XCBuildConfiguration section */

/* Begin XCConfigurationList section */
		1339FC39239D32C9007E585A /* Build configuration list for PBXProject "ACalculator" */ = {
			isa = XCConfigurationList;
			buildConfigurations = (
				1339FC50239D32CD007E585A /* Debug */,
				1339FC51239D32CD007E585A /* Release */,
			);
			defaultConfigurationIsVisible = 0;
			defaultConfigurationName = Release;
		};
		1339FC52239D32CD007E585A /* Build configuration list for PBXNativeTarget "ACalculator" */ = {
			isa = XCConfigurationList;
			buildConfigurations = (
				1339FC53239D32CD007E585A /* Debug */,
				1339FC54239D32CD007E585A /* Release */,
			);
			defaultConfigurationIsVisible = 0;
			defaultConfigurationName = Release;
		};
/* End XCConfigurationList section */
	};
	rootObject = 1339FC36239D32C9007E585A /* Project object */;
}
